
Microsoft Visual Studio Solution File, Format Version 12.00
# Visual Studio 15
VisualStudioVersion = 15.0.28307.329
MinimumVisualStudioVersion = 10.0.40219.1
Project("{FAE04EC0-301F-11D3-BF4B-00C04F79EFBC}") = "user-linux-ssh", "user-linux-ssh\user-linux-ssh.csproj", "{F88D97F1-DBAD-48F9-82D7-1371FF59FBE9}"
EndProject
Global
	GlobalSection(SolutionConfigurationPlatforms) = preSolution
		Debug|Any CPU = Debug|Any CPU
		Release|Any CPU = Release|Any CPU
	EndGlobalSection
	GlobalSection(ProjectConfigurationPlatforms) = postSolution
		{F88D97F1-DBAD-48F9-82D7-1371FF59FBE9}.Debug|Any CPU.ActiveCfg = Debug|Any CPU
		{F88D97F1-DBAD-48F9-82D7-1371FF59FBE9}.Debug|Any CPU.Build.0 = Debug|Any CPU
		{F88D97F1-DBAD-48F9-82D7-1371FF59FBE9}.Release|Any CPU.ActiveCfg = Release|Any CPU
		{F88D97F1-DBAD-48F9-82D7-1371FF59FBE9}.Release|Any CPU.Build.0 = Release|Any CPU
	EndGlobalSection
	GlobalSection(SolutionProperties) = preSolution
		HideSolutionNode = FALSE
	EndGlobalSection
	GlobalSection(ExtensibilityGlobals) = postSolution
		SolutionGuid = {DD78CC18-A526-432B-BED4-CE19FB8EE3DB}
	EndGlobalSection
EndGlobal
